// !$*UTF8*$!
{
	archiveVersion = 1;
	classes = {
	};
	objectVersion = 50;
	objects = {

/* Begin PBXBuildFile section */
		181B8FC722F5C872005DC764 /* Font.swift in Sources */ = {isa = PBXBuildFile; fileRef = 181B8FC622F5C872005DC764 /* Font.swift */; };
		181B8FC922F5C8F0005DC764 /* UILabel+Extension.swift in Sources */ = {isa = PBXBuildFile; fileRef = 181B8FC822F5C8F0005DC764 /* UILabel+Extension.swift */; };
		181E287A22F6322F00D08CB5 /* RestaurantDetailViewController.swift in Sources */ = {isa = PBXBuildFile; fileRef = 181E287922F6322F00D08CB5 /* RestaurantDetailViewController.swift */; };
		181E287E22F6E00A00D08CB5 /* UIViewController+Extension.swift in Sources */ = {isa = PBXBuildFile; fileRef = 181E287D22F6E00A00D08CB5 /* UIViewController+Extension.swift */; };
		181E288022F6E25300D08CB5 /* Color.swift in Sources */ = {isa = PBXBuildFile; fileRef = 181E287F22F6E25300D08CB5 /* Color.swift */; };
		181E288222F7211400D08CB5 /* MapBaseViewController.swift in Sources */ = {isa = PBXBuildFile; fileRef = 181E288122F7211400D08CB5 /* MapBaseViewController.swift */; };
		181E288422F7217D00D08CB5 /* RestaurantMapViewController.swift in Sources */ = {isa = PBXBuildFile; fileRef = 181E288322F7217D00D08CB5 /* RestaurantMapViewController.swift */; };
		181E288622F72E5700D08CB5 /* RestaurantMapAnnotation.swift in Sources */ = {isa = PBXBuildFile; fileRef = 181E288522F72E5700D08CB5 /* RestaurantMapAnnotation.swift */; };
		181E288822F73A5700D08CB5 /* BrowserViewController.swift in Sources */ = {isa = PBXBuildFile; fileRef = 181E288722F73A5700D08CB5 /* BrowserViewController.swift */; };
		181E288A22F7737100D08CB5 /* UIImageView+Extension.swift in Sources */ = {isa = PBXBuildFile; fileRef = 181E288922F7737100D08CB5 /* UIImageView+Extension.swift */; };
		1820285622F56CD5005598B5 /* AppDelegate.swift in Sources */ = {isa = PBXBuildFile; fileRef = 1820285522F56CD5005598B5 /* AppDelegate.swift */; };
		1820285B22F56CD5005598B5 /* Main.storyboard in Resources */ = {isa = PBXBuildFile; fileRef = 1820285922F56CD5005598B5 /* Main.storyboard */; };
		1820285D22F56CDA005598B5 /* Assets.xcassets in Resources */ = {isa = PBXBuildFile; fileRef = 1820285C22F56CDA005598B5 /* Assets.xcassets */; };
		1820286022F56CDA005598B5 /* LaunchScreen.storyboard in Resources */ = {isa = PBXBuildFile; fileRef = 1820285E22F56CDA005598B5 /* LaunchScreen.storyboard */; };
		1820286B22F56CDA005598B5 /* BottleRocketChallengeTests.swift in Sources */ = {isa = PBXBuildFile; fileRef = 1820286A22F56CDA005598B5 /* BottleRocketChallengeTests.swift */; };
		1820287622F56CDA005598B5 /* BottleRocketChallengeUITests.swift in Sources */ = {isa = PBXBuildFile; fileRef = 1820287522F56CDA005598B5 /* BottleRocketChallengeUITests.swift */; };
		1820288422F56D66005598B5 /* Restaurant.swift in Sources */ = {isa = PBXBuildFile; fileRef = 1820288322F56D66005598B5 /* Restaurant.swift */; };
		1833509C22F62AEA00069794 /* TabBarViewController.swift in Sources */ = {isa = PBXBuildFile; fileRef = 1833509B22F62AEA00069794 /* TabBarViewController.swift */; };
		188216F522F56E0300914A16 /* Location.swift in Sources */ = {isa = PBXBuildFile; fileRef = 188216F422F56E0300914A16 /* Location.swift */; };
		188216F722F56E1900914A16 /* Contact.swift in Sources */ = {isa = PBXBuildFile; fileRef = 188216F622F56E1900914A16 /* Contact.swift */; };
		188216FB22F56FD400914A16 /* MapKit.framework in Frameworks */ = {isa = PBXBuildFile; fileRef = 188216FA22F56FD400914A16 /* MapKit.framework */; };
		188216FE22F577F700914A16 /* Service.swift in Sources */ = {isa = PBXBuildFile; fileRef = 188216FD22F577F700914A16 /* Service.swift */; };
		1882170022F5789900914A16 /* RestaurantWrapper.swift in Sources */ = {isa = PBXBuildFile; fileRef = 188216FF22F5789900914A16 /* RestaurantWrapper.swift */; };
		1882170322F5999D00914A16 /* BaseCollectionViewController.swift in Sources */ = {isa = PBXBuildFile; fileRef = 1882170222F5999D00914A16 /* BaseCollectionViewController.swift */; };
		1882170522F5C2C700914A16 /* RestaurantViewController.swift in Sources */ = {isa = PBXBuildFile; fileRef = 1882170422F5C2C700914A16 /* RestaurantViewController.swift */; };
		1882170822F5C5CB00914A16 /* RestaurantCell.swift in Sources */ = {isa = PBXBuildFile; fileRef = 1882170722F5C5CB00914A16 /* RestaurantCell.swift */; };
/* End PBXBuildFile section */

/* Begin PBXContainerItemProxy section */
		1820286722F56CDA005598B5 /* PBXContainerItemProxy */ = {
			isa = PBXContainerItemProxy;
			containerPortal = 1820284A22F56CD4005598B5 /* Project object */;
			proxyType = 1;
			remoteGlobalIDString = 1820285122F56CD4005598B5;
			remoteInfo = BottleRocketChallenge;
		};
		1820287222F56CDA005598B5 /* PBXContainerItemProxy */ = {
			isa = PBXContainerItemProxy;
			containerPortal = 1820284A22F56CD4005598B5 /* Project object */;
			proxyType = 1;
			remoteGlobalIDString = 1820285122F56CD4005598B5;
			remoteInfo = BottleRocketChallenge;
		};
/* End PBXContainerItemProxy section */

/* Begin PBXFileReference section */
		181B8FC622F5C872005DC764 /* Font.swift */ = {isa = PBXFileReference; lastKnownFileType = sourcecode.swift; path = Font.swift; sourceTree = "<group>"; };
		181B8FC822F5C8F0005DC764 /* UILabel+Extension.swift */ = {isa = PBXFileReference; lastKnownFileType = sourcecode.swift; name = "UILabel+Extension.swift"; path = "BottleRocketChallenge/Extensions/UILabel+Extension.swift"; sourceTree = SOURCE_ROOT; };
		181E287922F6322F00D08CB5 /* RestaurantDetailViewController.swift */ = {isa = PBXFileReference; lastKnownFileType = sourcecode.swift; path = RestaurantDetailViewController.swift; sourceTree = "<group>"; };
		181E287D22F6E00A00D08CB5 /* UIViewController+Extension.swift */ = {isa = PBXFileReference; lastKnownFileType = sourcecode.swift; path = "UIViewController+Extension.swift"; sourceTree = "<group>"; };
		181E287F22F6E25300D08CB5 /* Color.swift */ = {isa = PBXFileReference; lastKnownFileType = sourcecode.swift; path = Color.swift; sourceTree = "<group>"; };
		181E288122F7211400D08CB5 /* MapBaseViewController.swift */ = {isa = PBXFileReference; lastKnownFileType = sourcecode.swift; path = MapBaseViewController.swift; sourceTree = "<group>"; };
		181E288322F7217D00D08CB5 /* RestaurantMapViewController.swift */ = {isa = PBXFileReference; lastKnownFileType = sourcecode.swift; path = RestaurantMapViewController.swift; sourceTree = "<group>"; };
		181E288522F72E5700D08CB5 /* RestaurantMapAnnotation.swift */ = {isa = PBXFileReference; lastKnownFileType = sourcecode.swift; path = RestaurantMapAnnotation.swift; sourceTree = "<group>"; };
		181E288722F73A5700D08CB5 /* BrowserViewController.swift */ = {isa = PBXFileReference; lastKnownFileType = sourcecode.swift; path = BrowserViewController.swift; sourceTree = "<group>"; };
		181E288922F7737100D08CB5 /* UIImageView+Extension.swift */ = {isa = PBXFileReference; lastKnownFileType = sourcecode.swift; path = "UIImageView+Extension.swift"; sourceTree = "<group>"; };
		1820285222F56CD4005598B5 /* BottleRocketChallenge.app */ = {isa = PBXFileReference; explicitFileType = wrapper.application; includeInIndex = 0; path = BottleRocketChallenge.app; sourceTree = BUILT_PRODUCTS_DIR; };
		1820285522F56CD5005598B5 /* AppDelegate.swift */ = {isa = PBXFileReference; lastKnownFileType = sourcecode.swift; path = AppDelegate.swift; sourceTree = "<group>"; };
		1820285A22F56CD5005598B5 /* Base */ = {isa = PBXFileReference; lastKnownFileType = file.storyboard; name = Base; path = Base.lproj/Main.storyboard; sourceTree = "<group>"; };
		1820285C22F56CDA005598B5 /* Assets.xcassets */ = {isa = PBXFileReference; lastKnownFileType = folder.assetcatalog; path = Assets.xcassets; sourceTree = "<group>"; };
		1820285F22F56CDA005598B5 /* Base */ = {isa = PBXFileReference; lastKnownFileType = file.storyboard; name = Base; path = Base.lproj/LaunchScreen.storyboard; sourceTree = "<group>"; };
		1820286122F56CDA005598B5 /* Info.plist */ = {isa = PBXFileReference; lastKnownFileType = text.plist.xml; path = Info.plist; sourceTree = "<group>"; };
		1820286622F56CDA005598B5 /* BottleRocketChallengeTests.xctest */ = {isa = PBXFileReference; explicitFileType = wrapper.cfbundle; includeInIndex = 0; path = BottleRocketChallengeTests.xctest; sourceTree = BUILT_PRODUCTS_DIR; };
		1820286A22F56CDA005598B5 /* BottleRocketChallengeTests.swift */ = {isa = PBXFileReference; lastKnownFileType = sourcecode.swift; path = BottleRocketChallengeTests.swift; sourceTree = "<group>"; };
		1820286C22F56CDA005598B5 /* Info.plist */ = {isa = PBXFileReference; lastKnownFileType = text.plist.xml; path = Info.plist; sourceTree = "<group>"; };
		1820287122F56CDA005598B5 /* BottleRocketChallengeUITests.xctest */ = {isa = PBXFileReference; explicitFileType = wrapper.cfbundle; includeInIndex = 0; path = BottleRocketChallengeUITests.xctest; sourceTree = BUILT_PRODUCTS_DIR; };
		1820287522F56CDA005598B5 /* BottleRocketChallengeUITests.swift */ = {isa = PBXFileReference; lastKnownFileType = sourcecode.swift; path = BottleRocketChallengeUITests.swift; sourceTree = "<group>"; };
		1820287722F56CDB005598B5 /* Info.plist */ = {isa = PBXFileReference; lastKnownFileType = text.plist.xml; path = Info.plist; sourceTree = "<group>"; };
		1820288322F56D66005598B5 /* Restaurant.swift */ = {isa = PBXFileReference; lastKnownFileType = sourcecode.swift; path = Restaurant.swift; sourceTree = "<group>"; };
		1833509B22F62AEA00069794 /* TabBarViewController.swift */ = {isa = PBXFileReference; lastKnownFileType = sourcecode.swift; path = TabBarViewController.swift; sourceTree = "<group>"; };
		188216F422F56E0300914A16 /* Location.swift */ = {isa = PBXFileReference; lastKnownFileType = sourcecode.swift; path = Location.swift; sourceTree = "<group>"; };
		188216F622F56E1900914A16 /* Contact.swift */ = {isa = PBXFileReference; lastKnownFileType = sourcecode.swift; path = Contact.swift; sourceTree = "<group>"; };
		188216FA22F56FD400914A16 /* MapKit.framework */ = {isa = PBXFileReference; lastKnownFileType = wrapper.framework; name = MapKit.framework; path = System/Library/Frameworks/MapKit.framework; sourceTree = SDKROOT; };
		188216FD22F577F700914A16 /* Service.swift */ = {isa = PBXFileReference; lastKnownFileType = sourcecode.swift; path = Service.swift; sourceTree = "<group>"; };
		188216FF22F5789900914A16 /* RestaurantWrapper.swift */ = {isa = PBXFileReference; lastKnownFileType = sourcecode.swift; path = RestaurantWrapper.swift; sourceTree = "<group>"; };
		1882170222F5999D00914A16 /* BaseCollectionViewController.swift */ = {isa = PBXFileReference; lastKnownFileType = sourcecode.swift; path = BaseCollectionViewController.swift; sourceTree = "<group>"; };
		1882170422F5C2C700914A16 /* RestaurantViewController.swift */ = {isa = PBXFileReference; lastKnownFileType = sourcecode.swift; path = RestaurantViewController.swift; sourceTree = "<group>"; };
		1882170722F5C5CB00914A16 /* RestaurantCell.swift */ = {isa = PBXFileReference; lastKnownFileType = sourcecode.swift; path = RestaurantCell.swift; sourceTree = "<group>"; };
/* End PBXFileReference section */

/* Begin PBXFrameworksBuildPhase section */
		1820284F22F56CD4005598B5 /* Frameworks */ = {
			isa = PBXFrameworksBuildPhase;
			buildActionMask = 2147483647;
			files = (
				188216FB22F56FD400914A16 /* MapKit.framework in Frameworks */,
			);
			runOnlyForDeploymentPostprocessing = 0;
		};
		1820286322F56CDA005598B5 /* Frameworks */ = {
			isa = PBXFrameworksBuildPhase;
			buildActionMask = 2147483647;
			files = (
			);
			runOnlyForDeploymentPostprocessing = 0;
		};
		1820286E22F56CDA005598B5 /* Frameworks */ = {
			isa = PBXFrameworksBuildPhase;
			buildActionMask = 2147483647;
			files = (
			);
			runOnlyForDeploymentPostprocessing = 0;
		};
/* End PBXFrameworksBuildPhase section */

/* Begin PBXGroup section */
		181B8FCA22F5C969005DC764 /* Extensions */ = {
			isa = PBXGroup;
			children = (
				181B8FC822F5C8F0005DC764 /* UILabel+Extension.swift */,
				181E287D22F6E00A00D08CB5 /* UIViewController+Extension.swift */,
				181E288922F7737100D08CB5 /* UIImageView+Extension.swift */,
			);
			path = Extensions;
			sourceTree = "<group>";
		};
		181B8FCB22F5EA05005DC764 /* UI */ = {
			isa = PBXGroup;
			children = (
				1820285C22F56CDA005598B5 /* Assets.xcassets */,
				1820285E22F56CDA005598B5 /* LaunchScreen.storyboard */,
				1820285922F56CD5005598B5 /* Main.storyboard */,
			);
			path = UI;
			sourceTree = "<group>";
		};
		1820284922F56CD4005598B5 = {
			isa = PBXGroup;
			children = (
				1820285422F56CD5005598B5 /* BottleRocketChallenge */,
				1820286922F56CDA005598B5 /* BottleRocketChallengeTests */,
				1820287422F56CDA005598B5 /* BottleRocketChallengeUITests */,
				1820285322F56CD4005598B5 /* Products */,
				188216F922F56FD400914A16 /* Frameworks */,
			);
			sourceTree = "<group>";
		};
		1820285322F56CD4005598B5 /* Products */ = {
			isa = PBXGroup;
			children = (
				1820285222F56CD4005598B5 /* BottleRocketChallenge.app */,
				1820286622F56CDA005598B5 /* BottleRocketChallengeTests.xctest */,
				1820287122F56CDA005598B5 /* BottleRocketChallengeUITests.xctest */,
			);
			name = Products;
			sourceTree = "<group>";
		};
		1820285422F56CD5005598B5 /* BottleRocketChallenge */ = {
			isa = PBXGroup;
			children = (
				1820285522F56CD5005598B5 /* AppDelegate.swift */,
				188216F822F56E2300914A16 /* Models */,
				181B8FCB22F5EA05005DC764 /* UI */,
				181B8FCA22F5C969005DC764 /* Extensions */,
				1882170622F5C5A200914A16 /* Cells */,
				1882170122F598F700914A16 /* Controllers */,
				188216FC22F577E500914A16 /* Utils */,
				1820286122F56CDA005598B5 /* Info.plist */,
			);
			path = BottleRocketChallenge;
			sourceTree = "<group>";
		};
		1820286922F56CDA005598B5 /* BottleRocketChallengeTests */ = {
			isa = PBXGroup;
			children = (
				1820286A22F56CDA005598B5 /* BottleRocketChallengeTests.swift */,
				1820286C22F56CDA005598B5 /* Info.plist */,
			);
			path = BottleRocketChallengeTests;
			sourceTree = "<group>";
		};
		1820287422F56CDA005598B5 /* BottleRocketChallengeUITests */ = {
			isa = PBXGroup;
			children = (
				1820287522F56CDA005598B5 /* BottleRocketChallengeUITests.swift */,
				1820287722F56CDB005598B5 /* Info.plist */,
			);
			path = BottleRocketChallengeUITests;
			sourceTree = "<group>";
		};
		188216F822F56E2300914A16 /* Models */ = {
			isa = PBXGroup;
			children = (
				1820288322F56D66005598B5 /* Restaurant.swift */,
				188216F422F56E0300914A16 /* Location.swift */,
				188216F622F56E1900914A16 /* Contact.swift */,
				188216FF22F5789900914A16 /* RestaurantWrapper.swift */,
				181E288522F72E5700D08CB5 /* RestaurantMapAnnotation.swift */,
			);
			path = Models;
			sourceTree = "<group>";
		};
		188216F922F56FD400914A16 /* Frameworks */ = {
			isa = PBXGroup;
			children = (
				188216FA22F56FD400914A16 /* MapKit.framework */,
			);
			name = Frameworks;
			sourceTree = "<group>";
		};
		188216FC22F577E500914A16 /* Utils */ = {
			isa = PBXGroup;
			children = (
				188216FD22F577F700914A16 /* Service.swift */,
				181B8FC622F5C872005DC764 /* Font.swift */,
				181E287F22F6E25300D08CB5 /* Color.swift */,
			);
			path = Utils;
			sourceTree = "<group>";
		};
		1882170122F598F700914A16 /* Controllers */ = {
			isa = PBXGroup;
			children = (
				1882170222F5999D00914A16 /* BaseCollectionViewController.swift */,
				1882170422F5C2C700914A16 /* RestaurantViewController.swift */,
				1833509B22F62AEA00069794 /* TabBarViewController.swift */,
				181E287922F6322F00D08CB5 /* RestaurantDetailViewController.swift */,
				181E288122F7211400D08CB5 /* MapBaseViewController.swift */,
				181E288322F7217D00D08CB5 /* RestaurantMapViewController.swift */,
				181E288722F73A5700D08CB5 /* BrowserViewController.swift */,
			);
			path = Controllers;
			sourceTree = "<group>";
		};
		1882170622F5C5A200914A16 /* Cells */ = {
			isa = PBXGroup;
			children = (
				1882170722F5C5CB00914A16 /* RestaurantCell.swift */,
			);
			path = Cells;
			sourceTree = "<group>";
		};
/* End PBXGroup section */

/* Begin PBXNativeTarget section */
		1820285122F56CD4005598B5 /* BottleRocketChallenge */ = {
			isa = PBXNativeTarget;
			buildConfigurationList = 1820287A22F56CDB005598B5 /* Build configuration list for PBXNativeTarget "BottleRocketChallenge" */;
			buildPhases = (
				1820284E22F56CD4005598B5 /* Sources */,
				1820284F22F56CD4005598B5 /* Frameworks */,
				1820285022F56CD4005598B5 /* Resources */,
			);
			buildRules = (
			);
			dependencies = (
			);
			name = BottleRocketChallenge;
			productName = BottleRocketChallenge;
			productReference = 1820285222F56CD4005598B5 /* BottleRocketChallenge.app */;
			productType = "com.apple.product-type.application";
		};
		1820286522F56CDA005598B5 /* BottleRocketChallengeTests */ = {
			isa = PBXNativeTarget;
			buildConfigurationList = 1820287D22F56CDB005598B5 /* Build configuration list for PBXNativeTarget "BottleRocketChallengeTests" */;
			buildPhases = (
				1820286222F56CDA005598B5 /* Sources */,
				1820286322F56CDA005598B5 /* Frameworks */,
				1820286422F56CDA005598B5 /* Resources */,
			);
			buildRules = (
			);
			dependencies = (
				1820286822F56CDA005598B5 /* PBXTargetDependency */,
			);
			name = BottleRocketChallengeTests;
			productName = BottleRocketChallengeTests;
			productReference = 1820286622F56CDA005598B5 /* BottleRocketChallengeTests.xctest */;
			productType = "com.apple.product-type.bundle.unit-test";
		};
		1820287022F56CDA005598B5 /* BottleRocketChallengeUITests */ = {
			isa = PBXNativeTarget;
			buildConfigurationList = 1820288022F56CDB005598B5 /* Build configuration list for PBXNativeTarget "BottleRocketChallengeUITests" */;
			buildPhases = (
				1820286D22F56CDA005598B5 /* Sources */,
				1820286E22F56CDA005598B5 /* Frameworks */,
				1820286F22F56CDA005598B5 /* Resources */,
			);
			buildRules = (
			);
			dependencies = (
				1820287322F56CDA005598B5 /* PBXTargetDependency */,
			);
			name = BottleRocketChallengeUITests;
			productName = BottleRocketChallengeUITests;
			productReference = 1820287122F56CDA005598B5 /* BottleRocketChallengeUITests.xctest */;
			productType = "com.apple.product-type.bundle.ui-testing";
		};
/* End PBXNativeTarget section */

/* Begin PBXProject section */
		1820284A22F56CD4005598B5 /* Project object */ = {
			isa = PBXProject;
			attributes = {
				LastSwiftUpdateCheck = 1020;
				LastUpgradeCheck = 1020;
				ORGANIZATIONNAME = "Jorge Mendoza";
				TargetAttributes = {
					1820285122F56CD4005598B5 = {
						CreatedOnToolsVersion = 10.2.1;
						SystemCapabilities = {
							com.apple.Maps.iOS = {
								enabled = 1;
							};
						};
					};
					1820286522F56CDA005598B5 = {
						CreatedOnToolsVersion = 10.2.1;
						TestTargetID = 1820285122F56CD4005598B5;
					};
					1820287022F56CDA005598B5 = {
						CreatedOnToolsVersion = 10.2.1;
						TestTargetID = 1820285122F56CD4005598B5;
					};
				};
			};
			buildConfigurationList = 1820284D22F56CD4005598B5 /* Build configuration list for PBXProject "BottleRocketChallenge" */;
			compatibilityVersion = "Xcode 9.3";
			developmentRegion = en;
			hasScannedForEncodings = 0;
			knownRegions = (
				en,
				Base,
			);
			mainGroup = 1820284922F56CD4005598B5;
			productRefGroup = 1820285322F56CD4005598B5 /* Products */;
			projectDirPath = "";
			projectRoot = "";
			targets = (
				1820285122F56CD4005598B5 /* BottleRocketChallenge */,
				1820286522F56CDA005598B5 /* BottleRocketChallengeTests */,
				1820287022F56CDA005598B5 /* BottleRocketChallengeUITests */,
			);
		};
/* End PBXProject section */

/* Begin PBXResourcesBuildPhase section */
		1820285022F56CD4005598B5 /* Resources */ = {
			isa = PBXResourcesBuildPhase;
			buildActionMask = 2147483647;
			files = (
				1820286022F56CDA005598B5 /* LaunchScreen.storyboard in Resources */,
				1820285D22F56CDA005598B5 /* Assets.xcassets in Resources */,
				1820285B22F56CD5005598B5 /* Main.storyboard in Resources */,
			);
			runOnlyForDeploymentPostprocessing = 0;
		};
		1820286422F56CDA005598B5 /* Resources */ = {
			isa = PBXResourcesBuildPhase;
			buildActionMask = 2147483647;
			files = (
			);
			runOnlyForDeploymentPostprocessing = 0;
		};
		1820286F22F56CDA005598B5 /* Resources */ = {
			isa = PBXResourcesBuildPhase;
			buildActionMask = 2147483647;
			files = (
			);
			runOnlyForDeploymentPostprocessing = 0;
		};
/* End PBXResourcesBuildPhase section */

/* Begin PBXSourcesBuildPhase section */
		1820284E22F56CD4005598B5 /* Sources */ = {
			isa = PBXSourcesBuildPhase;
			buildActionMask = 2147483647;
			files = (
				181E287E22F6E00A00D08CB5 /* UIViewController+Extension.swift in Sources */,
				1882170822F5C5CB00914A16 /* RestaurantCell.swift in Sources */,
				181B8FC722F5C872005DC764 /* Font.swift in Sources */,
				181E288022F6E25300D08CB5 /* Color.swift in Sources */,
				181E288222F7211400D08CB5 /* MapBaseViewController.swift in Sources */,
				1820285622F56CD5005598B5 /* AppDelegate.swift in Sources */,
				188216F722F56E1900914A16 /* Contact.swift in Sources */,
				188216F522F56E0300914A16 /* Location.swift in Sources */,
				181E288A22F7737100D08CB5 /* UIImageView+Extension.swift in Sources */,
				181E288622F72E5700D08CB5 /* RestaurantMapAnnotation.swift in Sources */,
				1882170522F5C2C700914A16 /* RestaurantViewController.swift in Sources */,
				1820288422F56D66005598B5 /* Restaurant.swift in Sources */,
				181B8FC922F5C8F0005DC764 /* UILabel+Extension.swift in Sources */,
				181E288422F7217D00D08CB5 /* RestaurantMapViewController.swift in Sources */,
				188216FE22F577F700914A16 /* Service.swift in Sources */,
				1833509C22F62AEA00069794 /* TabBarViewController.swift in Sources */,
				1882170022F5789900914A16 /* RestaurantWrapper.swift in Sources */,
				181E288822F73A5700D08CB5 /* BrowserViewController.swift in Sources */,
				181E287A22F6322F00D08CB5 /* RestaurantDetailViewController.swift in Sources */,
				1882170322F5999D00914A16 /* BaseCollectionViewController.swift in Sources */,
			);
			runOnlyForDeploymentPostprocessing = 0;
		};
		1820286222F56CDA005598B5 /* Sources */ = {
			isa = PBXSourcesBuildPhase;
			buildActionMask = 2147483647;
			files = (
				1820286B22F56CDA005598B5 /* BottleRocketChallengeTests.swift in Sources */,
			);
			runOnlyForDeploymentPostprocessing = 0;
		};
		1820286D22F56CDA005598B5 /* Sources */ = {
			isa = PBXSourcesBuildPhase;
			buildActionMask = 2147483647;
			files = (
				1820287622F56CDA005598B5 /* BottleRocketChallengeUITests.swift in Sources */,
			);
			runOnlyForDeploymentPostprocessing = 0;
		};
/* End PBXSourcesBuildPhase section */

/* Begin PBXTargetDependency section */
		1820286822F56CDA005598B5 /* PBXTargetDependency */ = {
			isa = PBXTargetDependency;
			target = 1820285122F56CD4005598B5 /* BottleRocketChallenge */;
			targetProxy = 1820286722F56CDA005598B5 /* PBXContainerItemProxy */;
		};
		1820287322F56CDA005598B5 /* PBXTargetDependency */ = {
			isa = PBXTargetDependency;
			target = 1820285122F56CD4005598B5 /* BottleRocketChallenge */;
			targetProxy = 1820287222F56CDA005598B5 /* PBXContainerItemProxy */;
		};
/* End PBXTargetDependency section */

/* Begin PBXVariantGroup section */
		1820285922F56CD5005598B5 /* Main.storyboard */ = {
			isa = PBXVariantGroup;
			children = (
				1820285A22F56CD5005598B5 /* Base */,
			);
			name = Main.storyboard;
			sourceTree = "<group>";
		};
		1820285E22F56CDA005598B5 /* LaunchScreen.storyboard */ = {
			isa = PBXVariantGroup;
			children = (
				1820285F22F56CDA005598B5 /* Base */,
			);
			name = LaunchScreen.storyboard;
			sourceTree = "<group>";
		};
/* End PBXVariantGroup section */

/* Begin XCBuildConfiguration section */
		1820287822F56CDB005598B5 /* Debug */ = {
			isa = XCBuildConfiguration;
			buildSettings = {
				ALWAYS_SEARCH_USER_PATHS = NO;
				CLANG_ANALYZER_NONNULL = YES;
				CLANG_ANALYZER_NUMBER_OBJECT_CONVERSION = YES_AGGRESSIVE;
				CLANG_CXX_LANGUAGE_STANDARD = "gnu++14";
				CLANG_CXX_LIBRARY = "libc++";
				CLANG_ENABLE_MODULES = YES;
				CLANG_ENABLE_OBJC_ARC = YES;
				CLANG_ENABLE_OBJC_WEAK = YES;
				CLANG_WARN_BLOCK_CAPTURE_AUTORELEASING = YES;
				CLANG_WARN_BOOL_CONVERSION = YES;
				CLANG_WARN_COMMA = YES;
				CLANG_WARN_CONSTANT_CONVERSION = YES;
				CLANG_WARN_DEPRECATED_OBJC_IMPLEMENTATIONS = YES;
				CLANG_WARN_DIRECT_OBJC_ISA_USAGE = YES_ERROR;
				CLANG_WARN_DOCUMENTATION_COMMENTS = YES;
				CLANG_WARN_EMPTY_BODY = YES;
				CLANG_WARN_ENUM_CONVERSION = YES;
				CLANG_WARN_INFINITE_RECURSION = YES;
				CLANG_WARN_INT_CONVERSION = YES;
				CLANG_WARN_NON_LITERAL_NULL_CONVERSION = YES;
				CLANG_WARN_OBJC_IMPLICIT_RETAIN_SELF = YES;
				CLANG_WARN_OBJC_LITERAL_CONVERSION = YES;
				CLANG_WARN_OBJC_ROOT_CLASS = YES_ERROR;
				CLANG_WARN_RANGE_LOOP_ANALYSIS = YES;
				CLANG_WARN_STRICT_PROTOTYPES = YES;
				CLANG_WARN_SUSPICIOUS_MOVE = YES;
				CLANG_WARN_UNGUARDED_AVAILABILITY = YES_AGGRESSIVE;
				CLANG_WARN_UNREACHABLE_CODE = YES;
				CLANG_WARN__DUPLICATE_METHOD_MATCH = YES;
				CODE_SIGN_IDENTITY = "iPhone Developer";
				COPY_PHASE_STRIP = NO;
				DEBUG_INFORMATION_FORMAT = dwarf;
				ENABLE_STRICT_OBJC_MSGSEND = YES;
				ENABLE_TESTABILITY = YES;
				GCC_C_LANGUAGE_STANDARD = gnu11;
				GCC_DYNAMIC_NO_PIC = NO;
				GCC_NO_COMMON_BLOCKS = YES;
				GCC_OPTIMIZATION_LEVEL = 0;
				GCC_PREPROCESSOR_DEFINITIONS = (
					"DEBUG=1",
					"$(inherited)",
				);
				GCC_WARN_64_TO_32_BIT_CONVERSION = YES;
				GCC_WARN_ABOUT_RETURN_TYPE = YES_ERROR;
				GCC_WARN_UNDECLARED_SELECTOR = YES;
				GCC_WARN_UNINITIALIZED_AUTOS = YES_AGGRESSIVE;
				GCC_WARN_UNUSED_FUNCTION = YES;
				GCC_WARN_UNUSED_VARIABLE = YES;
				IPHONEOS_DEPLOYMENT_TARGET = 12.2;
				MTL_ENABLE_DEBUG_INFO = INCLUDE_SOURCE;
				MTL_FAST_MATH = YES;
				ONLY_ACTIVE_ARCH = YES;
				SDKROOT = iphoneos;
				SWIFT_ACTIVE_COMPILATION_CONDITIONS = DEBUG;
				SWIFT_OPTIMIZATION_LEVEL = "-Onone";
			};
			name = Debug;
		};
		1820287922F56CDB005598B5 /* Release */ = {
			isa = XCBuildConfiguration;
			buildSettings = {
				ALWAYS_SEARCH_USER_PATHS = NO;
				CLANG_ANALYZER_NONNULL = YES;
				CLANG_ANALYZER_NUMBER_OBJECT_CONVERSION = YES_AGGRESSIVE;
				CLANG_CXX_LANGUAGE_STANDARD = "gnu++14";
				CLANG_CXX_LIBRARY = "libc++";
				CLANG_ENABLE_MODULES = YES;
				CLANG_ENABLE_OBJC_ARC = YES;
				CLANG_ENABLE_OBJC_WEAK = YES;
				CLANG_WARN_BLOCK_CAPTURE_AUTORELEASING = YES;
				CLANG_WARN_BOOL_CONVERSION = YES;
				CLANG_WARN_COMMA = YES;
				CLANG_WARN_CONSTANT_CONVERSION = YES;
				CLANG_WARN_DEPRECATED_OBJC_IMPLEMENTATIONS = YES;
				CLANG_WARN_DIRECT_OBJC_ISA_USAGE = YES_ERROR;
				CLANG_WARN_DOCUMENTATION_COMMENTS = YES;
				CLANG_WARN_EMPTY_BODY = YES;
				CLANG_WARN_ENUM_CONVERSION = YES;
				CLANG_WARN_INFINITE_RECURSION = YES;
				CLANG_WARN_INT_CONVERSION = YES;
				CLANG_WARN_NON_LITERAL_NULL_CONVERSION = YES;
				CLANG_WARN_OBJC_IMPLICIT_RETAIN_SELF = YES;
				CLANG_WARN_OBJC_LITERAL_CONVERSION = YES;
				CLANG_WARN_OBJC_ROOT_CLASS = YES_ERROR;
				CLANG_WARN_RANGE_LOOP_ANALYSIS = YES;
				CLANG_WARN_STRICT_PROTOTYPES = YES;
				CLANG_WARN_SUSPICIOUS_MOVE = YES;
				CLANG_WARN_UNGUARDED_AVAILABILITY = YES_AGGRESSIVE;
				CLANG_WARN_UNREACHABLE_CODE = YES;
				CLANG_WARN__DUPLICATE_METHOD_MATCH = YES;
				CODE_SIGN_IDENTITY = "iPhone Developer";
				COPY_PHASE_STRIP = NO;
				DEBUG_INFORMATION_FORMAT = "dwarf-with-dsym";
				ENABLE_NS_ASSERTIONS = NO;
				ENABLE_STRICT_OBJC_MSGSEND = YES;
				GCC_C_LANGUAGE_STANDARD = gnu11;
				GCC_NO_COMMON_BLOCKS = YES;
				GCC_WARN_64_TO_32_BIT_CONVERSION = YES;
				GCC_WARN_ABOUT_RETURN_TYPE = YES_ERROR;
				GCC_WARN_UNDECLARED_SELECTOR = YES;
				GCC_WARN_UNINITIALIZED_AUTOS = YES_AGGRESSIVE;
				GCC_WARN_UNUSED_FUNCTION = YES;
				GCC_WARN_UNUSED_VARIABLE = YES;
				IPHONEOS_DEPLOYMENT_TARGET = 12.2;
				MTL_ENABLE_DEBUG_INFO = NO;
				MTL_FAST_MATH = YES;
				SDKROOT = iphoneos;
				SWIFT_COMPILATION_MODE = wholemodule;
				SWIFT_OPTIMIZATION_LEVEL = "-O";
				VALIDATE_PRODUCT = YES;
			};
			name = Release;
		};
		1820287B22F56CDB005598B5 /* Debug */ = {
			isa = XCBuildConfiguration;
			buildSettings = {
				ASSETCATALOG_COMPILER_APPICON_NAME = AppIcon;
				CODE_SIGN_STYLE = Automatic;
				DEVELOPMENT_TEAM = 7G2PMCVCH6;
				INFOPLIST_FILE = BottleRocketChallenge/Info.plist;
				LD_RUNPATH_SEARCH_PATHS = (
					"$(inherited)",
					"@executable_path/Frameworks",
				);
				PRODUCT_BUNDLE_IDENTIFIER = JorgeMendoza.BottleRocketChallenge;
				PRODUCT_NAME = "$(TARGET_NAME)";
				SWIFT_VERSION = 5.0;
				TARGETED_DEVICE_FAMILY = "1,2";
			};
			name = Debug;
		};
		1820287C22F56CDB005598B5 /* Release */ = {
			isa = XCBuildConfiguration;
			buildSettings = {
				ASSETCATALOG_COMPILER_APPICON_NAME = AppIcon;
				CODE_SIGN_STYLE = Automatic;
				DEVELOPMENT_TEAM = 7G2PMCVCH6;
				INFOPLIST_FILE = BottleRocketChallenge/Info.plist;
				LD_RUNPATH_SEARCH_PATHS = (
					"$(inherited)",
					"@executable_path/Frameworks",
				);
				PRODUCT_BUNDLE_IDENTIFIER = JorgeMendoza.BottleRocketChallenge;
				PRODUCT_NAME = "$(TARGET_NAME)";
				SWIFT_VERSION = 5.0;
				TARGETED_DEVICE_FAMILY = "1,2";
			};
			name = Release;
		};
		1820287E22F56CDB005598B5 /* Debug */ = {
			isa = XCBuildConfiguration;
			buildSettings = {
				ALWAYS_EMBED_SWIFT_STANDARD_LIBRARIES = YES;
				BUNDLE_LOADER = "$(TEST_HOST)";
				CODE_SIGN_STYLE = Automatic;
				INFOPLIST_FILE = BottleRocketChallengeTests/Info.plist;
				LD_RUNPATH_SEARCH_PATHS = (
					"$(inherited)",
					"@executable_path/Frameworks",
					"@loader_path/Frameworks",
				);
				PRODUCT_BUNDLE_IDENTIFIER = JorgeMendoza.BottleRocketChallengeTests;
				PRODUCT_NAME = "$(TARGET_NAME)";
				SWIFT_VERSION = 5.0;
				TARGETED_DEVICE_FAMILY = "1,2";
				TEST_HOST = "$(BUILT_PRODUCTS_DIR)/BottleRocketChallenge.app/BottleRocketChallenge";
			};
			name = Debug;
		};
		1820287F22F56CDB005598B5 /* Release */ = {
			isa = XCBuildConfiguration;
			buildSettings = {
				ALWAYS_EMBED_SWIFT_STANDARD_LIBRARIES = YES;
				BUNDLE_LOADER = "$(TEST_HOST)";
				CODE_SIGN_STYLE = Automatic;
				INFOPLIST_FILE = BottleRocketChallengeTests/Info.plist;
				LD_RUNPATH_SEARCH_PATHS = (
					"$(inherited)",
					"@executable_path/Frameworks",
					"@loader_path/Frameworks",
				);
				PRODUCT_BUNDLE_IDENTIFIER = JorgeMendoza.BottleRocketChallengeTests;
				PRODUCT_NAME = "$(TARGET_NAME)";
				SWIFT_VERSION = 5.0;
				TARGETED_DEVICE_FAMILY = "1,2";
				TEST_HOST = "$(BUILT_PRODUCTS_DIR)/BottleRocketChallenge.app/BottleRocketChallenge";
			};
			name = Release;
		};
		1820288122F56CDB005598B5 /* Debug */ = {
			isa = XCBuildConfiguration;
			buildSettings = {
				ALWAYS_EMBED_SWIFT_STANDARD_LIBRARIES = YES;
				CODE_SIGN_STYLE = Automatic;
				INFOPLIST_FILE = BottleRocketChallengeUITests/Info.plist;
				LD_RUNPATH_SEARCH_PATHS = (
					"$(inherited)",
					"@executable_path/Frameworks",
					"@loader_path/Frameworks",
				);
				PRODUCT_BUNDLE_IDENTIFIER = JorgeMendoza.BottleRocketChallengeUITests;
				PRODUCT_NAME = "$(TARGET_NAME)";
				SWIFT_VERSION = 5.0;
				TARGETED_DEVICE_FAMILY = "1,2";
				TEST_TARGET_NAME = BottleRocketChallenge;
			};
			name = Debug;
		};
		1820288222F56CDB005598B5 /* Release */ = {
			isa = XCBuildConfiguration;
			buildSettings = {
				ALWAYS_EMBED_SWIFT_STANDARD_LIBRARIES = YES;
				CODE_SIGN_STYLE = Automatic;
				INFOPLIST_FILE = BottleRocketChallengeUITests/Info.plist;
				LD_RUNPATH_SEARCH_PATHS = (
					"$(inherited)",
					"@executable_path/Frameworks",
					"@loader_path/Frameworks",
				);
				PRODUCT_BUNDLE_IDENTIFIER = JorgeMendoza.BottleRocketChallengeUITests;
				PRODUCT_NAME = "$(TARGET_NAME)";
				SWIFT_VERSION = 5.0;
				TARGETED_DEVICE_FAMILY = "1,2";
				TEST_TARGET_NAME = BottleRocketChallenge;
			};
			name = Release;
		};
/* End XCBuildConfiguration section */

/* Begin XCConfigurationList section */
		1820284D22F56CD4005598B5 /* Build configuration list for PBXProject "BottleRocketChallenge" */ = {
			isa = XCConfigurationList;
			buildConfigurations = (
				1820287822F56CDB005598B5 /* Debug */,
				1820287922F56CDB005598B5 /* Release */,
			);
			defaultConfigurationIsVisible = 0;
			defaultConfigurationName = Release;
		};
		1820287A22F56CDB005598B5 /* Build configuration list for PBXNativeTarget "BottleRocketChallenge" */ = {
			isa = XCConfigurationList;
			buildConfigurations = (
				1820287B22F56CDB005598B5 /* Debug */,
				1820287C22F56CDB005598B5 /* Release */,
			);
			defaultConfigurationIsVisible = 0;
			defaultConfigurationName = Release;
		};
		1820287D22F56CDB005598B5 /* Build configuration list for PBXNativeTarget "BottleRocketChallengeTests" */ = {
			isa = XCConfigurationList;
			buildConfigurations = (
				1820287E22F56CDB005598B5 /* Debug */,
				1820287F22F56CDB005598B5 /* Release */,
			);
			defaultConfigurationIsVisible = 0;
			defaultConfigurationName = Release;
		};
		1820288022F56CDB005598B5 /* Build configuration list for PBXNativeTarget "BottleRocketChallengeUITests" */ = {
			isa = XCConfigurationList;
			buildConfigurations = (
				1820288122F56CDB005598B5 /* Debug */,
				1820288222F56CDB005598B5 /* Release */,
			);
			defaultConfigurationIsVisible = 0;
			defaultConfigurationName = Release;
		};
/* End XCConfigurationList section */
	};
	rootObject = 1820284A22F56CD4005598B5 /* Project object */;
}
